
Microsoft Visual Studio Solution File, Format Version 12.00
# Visual Studio Version 17
VisualStudioVersion = 17.9.34714.143
MinimumVisualStudioVersion = 10.0.40219.1
Project("{FAE04EC0-301F-11D3-BF4B-00C04F79EFBC}") = "LibreriaDeComputadoras", "LibreriaDeComputadoras\LibreriaDeComputadoras.csproj", "{1DB948B7-C89C-40F0-B780-6A4AF712652C}"
EndProject
Global
	GlobalSection(SolutionConfigurationPlatforms) = preSolution
		Debug|Any CPU = Debug|Any CPU
		Release|Any CPU = Release|Any CPU
	EndGlobalSection
	GlobalSection(ProjectConfigurationPlatforms) = postSolution
		{1DB948B7-C89C-40F0-B780-6A4AF712652C}.Debug|Any CPU.ActiveCfg = Debug|Any CPU
		{1DB948B7-C89C-40F0-B780-6A4AF712652C}.Debug|Any CPU.Build.0 = Debug|Any CPU
		{1DB948B7-C89C-40F0-B780-6A4AF712652C}.Release|Any CPU.ActiveCfg = Release|Any CPU
		{1DB948B7-C89C-40F0-B780-6A4AF712652C}.Release|Any CPU.Build.0 = Release|Any CPU
	EndGlobalSection
	GlobalSection(SolutionProperties) = preSolution
		HideSolutionNode = FALSE
	EndGlobalSection
	GlobalSection(ExtensibilityGlobals) = postSolution
		SolutionGuid = {CA9FC14C-E546-41DC-BD6C-6DB695BADE64}
	EndGlobalSection
EndGlobal
