
Microsoft Visual Studio Solution File, Format Version 12.00
# Visual Studio Version 17
VisualStudioVersion = 17.9.34714.143
MinimumVisualStudioVersion = 10.0.40219.1
Project("{9A19103F-16F7-4668-BE54-9A1E7A4F7556}") = "LibreriaDeComputadoras", "LibreriaDeComputadoras\LibreriaDeComputadoras.csproj", "{1DB948B7-C89C-40F0-B780-6A4AF712652C}"
EndProject
Project("{9A19103F-16F7-4668-BE54-9A1E7A4F7556}") = "LibreriaDeAlumnos", "LibreriaDeAlumnos\LibreriaDeAlumnos.csproj", "{D8A06D4B-EF65-4B4F-8CF8-99B78805739B}"
EndProject
Project("{9A19103F-16F7-4668-BE54-9A1E7A4F7556}") = "LibreriaDeLapiceras", "LibreriaDeLapiceras\LibreriaDeLapiceras.csproj", "{7D29900D-316C-451B-A67D-265C37CE0275}"
EndProject
Project("{9A19103F-16F7-4668-BE54-9A1E7A4F7556}") = "LibreriaDeAutos", "LibreriaDeAutos\LibreriaDeAutos.csproj", "{E2D1D9F3-0A59-4D59-98FD-7D4883C020A8}"
EndProject
Project("{9A19103F-16F7-4668-BE54-9A1E7A4F7556}") = "FormAuto", "FormAuto\FormAuto.csproj", "{25C4B435-E424-49A5-9721-42F62CFBF0FA}"
EndProject
Project("{9A19103F-16F7-4668-BE54-9A1E7A4F7556}") = "LibreriaDeFunciones", "LibreriaDeFunciones\LibreriaDeFunciones.csproj", "{DB259B7C-B1FD-421C-BA36-53644D545D7C}"
EndProject
Project("{9A19103F-16F7-4668-BE54-9A1E7A4F7556}") = "FormAlumnos", "FormAlumnos\FormAlumnos.csproj", "{27745930-FD15-482B-B86E-CFA6B2F0A269}"
EndProject
Project("{9A19103F-16F7-4668-BE54-9A1E7A4F7556}") = "Testeo_ClaseAlumno", "Testeo_ClaseAlumno\Testeo_ClaseAlumno.csproj", "{E5615686-26F5-459B-9721-D1C390E1B432}"
EndProject
Project("{9A19103F-16F7-4668-BE54-9A1E7A4F7556}") = "Libreria_De_Estudiante", "Libreria_De_Estudiante\Libreria_De_Estudiante.csproj", "{E7F0AA49-3DC6-429F-B776-E7E2C26F7617}"
EndProject
Project("{FAE04EC0-301F-11D3-BF4B-00C04F79EFBC}") = "FormRegistrate", "FormRegistrate\FormRegistrate.csproj", "{B78DE1B5-ED32-4241-9197-A338F380E673}"
EndProject
Project("{FAE04EC0-301F-11D3-BF4B-00C04F79EFBC}") = "LibreriaDeIngresantes", "LibreriaDeIngresantes\LibreriaDeIngresantes.csproj", "{66D84DF2-21C2-40DB-A13C-1E4C9B6C287C}"
EndProject
Global
	GlobalSection(SolutionConfigurationPlatforms) = preSolution
		Debug|Any CPU = Debug|Any CPU
		Release|Any CPU = Release|Any CPU
	EndGlobalSection
	GlobalSection(ProjectConfigurationPlatforms) = postSolution
		{1DB948B7-C89C-40F0-B780-6A4AF712652C}.Debug|Any CPU.ActiveCfg = Debug|Any CPU
		{1DB948B7-C89C-40F0-B780-6A4AF712652C}.Debug|Any CPU.Build.0 = Debug|Any CPU
		{1DB948B7-C89C-40F0-B780-6A4AF712652C}.Release|Any CPU.ActiveCfg = Release|Any CPU
		{1DB948B7-C89C-40F0-B780-6A4AF712652C}.Release|Any CPU.Build.0 = Release|Any CPU
		{D8A06D4B-EF65-4B4F-8CF8-99B78805739B}.Debug|Any CPU.ActiveCfg = Debug|Any CPU
		{D8A06D4B-EF65-4B4F-8CF8-99B78805739B}.Debug|Any CPU.Build.0 = Debug|Any CPU
		{D8A06D4B-EF65-4B4F-8CF8-99B78805739B}.Release|Any CPU.ActiveCfg = Release|Any CPU
		{D8A06D4B-EF65-4B4F-8CF8-99B78805739B}.Release|Any CPU.Build.0 = Release|Any CPU
		{7D29900D-316C-451B-A67D-265C37CE0275}.Debug|Any CPU.ActiveCfg = Debug|Any CPU
		{7D29900D-316C-451B-A67D-265C37CE0275}.Debug|Any CPU.Build.0 = Debug|Any CPU
		{7D29900D-316C-451B-A67D-265C37CE0275}.Release|Any CPU.ActiveCfg = Release|Any CPU
		{7D29900D-316C-451B-A67D-265C37CE0275}.Release|Any CPU.Build.0 = Release|Any CPU
		{E2D1D9F3-0A59-4D59-98FD-7D4883C020A8}.Debug|Any CPU.ActiveCfg = Debug|Any CPU
		{E2D1D9F3-0A59-4D59-98FD-7D4883C020A8}.Debug|Any CPU.Build.0 = Debug|Any CPU
		{E2D1D9F3-0A59-4D59-98FD-7D4883C020A8}.Release|Any CPU.ActiveCfg = Release|Any CPU
		{E2D1D9F3-0A59-4D59-98FD-7D4883C020A8}.Release|Any CPU.Build.0 = Release|Any CPU
		{25C4B435-E424-49A5-9721-42F62CFBF0FA}.Debug|Any CPU.ActiveCfg = Debug|Any CPU
		{25C4B435-E424-49A5-9721-42F62CFBF0FA}.Debug|Any CPU.Build.0 = Debug|Any CPU
		{25C4B435-E424-49A5-9721-42F62CFBF0FA}.Release|Any CPU.ActiveCfg = Release|Any CPU
		{25C4B435-E424-49A5-9721-42F62CFBF0FA}.Release|Any CPU.Build.0 = Release|Any CPU
		{DB259B7C-B1FD-421C-BA36-53644D545D7C}.Debug|Any CPU.ActiveCfg = Debug|Any CPU
		{DB259B7C-B1FD-421C-BA36-53644D545D7C}.Debug|Any CPU.Build.0 = Debug|Any CPU
		{DB259B7C-B1FD-421C-BA36-53644D545D7C}.Release|Any CPU.ActiveCfg = Release|Any CPU
		{DB259B7C-B1FD-421C-BA36-53644D545D7C}.Release|Any CPU.Build.0 = Release|Any CPU
		{27745930-FD15-482B-B86E-CFA6B2F0A269}.Debug|Any CPU.ActiveCfg = Debug|Any CPU
		{27745930-FD15-482B-B86E-CFA6B2F0A269}.Debug|Any CPU.Build.0 = Debug|Any CPU
		{27745930-FD15-482B-B86E-CFA6B2F0A269}.Release|Any CPU.ActiveCfg = Release|Any CPU
		{27745930-FD15-482B-B86E-CFA6B2F0A269}.Release|Any CPU.Build.0 = Release|Any CPU
		{E5615686-26F5-459B-9721-D1C390E1B432}.Debug|Any CPU.ActiveCfg = Debug|Any CPU
		{E5615686-26F5-459B-9721-D1C390E1B432}.Debug|Any CPU.Build.0 = Debug|Any CPU
		{E5615686-26F5-459B-9721-D1C390E1B432}.Release|Any CPU.ActiveCfg = Release|Any CPU
		{E5615686-26F5-459B-9721-D1C390E1B432}.Release|Any CPU.Build.0 = Release|Any CPU
		{E7F0AA49-3DC6-429F-B776-E7E2C26F7617}.Debug|Any CPU.ActiveCfg = Debug|Any CPU
		{E7F0AA49-3DC6-429F-B776-E7E2C26F7617}.Debug|Any CPU.Build.0 = Debug|Any CPU
		{E7F0AA49-3DC6-429F-B776-E7E2C26F7617}.Release|Any CPU.ActiveCfg = Release|Any CPU
		{E7F0AA49-3DC6-429F-B776-E7E2C26F7617}.Release|Any CPU.Build.0 = Release|Any CPU
		{B78DE1B5-ED32-4241-9197-A338F380E673}.Debug|Any CPU.ActiveCfg = Debug|Any CPU
		{B78DE1B5-ED32-4241-9197-A338F380E673}.Debug|Any CPU.Build.0 = Debug|Any CPU
		{B78DE1B5-ED32-4241-9197-A338F380E673}.Release|Any CPU.ActiveCfg = Release|Any CPU
		{B78DE1B5-ED32-4241-9197-A338F380E673}.Release|Any CPU.Build.0 = Release|Any CPU
		{66D84DF2-21C2-40DB-A13C-1E4C9B6C287C}.Debug|Any CPU.ActiveCfg = Debug|Any CPU
		{66D84DF2-21C2-40DB-A13C-1E4C9B6C287C}.Debug|Any CPU.Build.0 = Debug|Any CPU
		{66D84DF2-21C2-40DB-A13C-1E4C9B6C287C}.Release|Any CPU.ActiveCfg = Release|Any CPU
		{66D84DF2-21C2-40DB-A13C-1E4C9B6C287C}.Release|Any CPU.Build.0 = Release|Any CPU
	EndGlobalSection
	GlobalSection(SolutionProperties) = preSolution
		HideSolutionNode = FALSE
	EndGlobalSection
	GlobalSection(ExtensibilityGlobals) = postSolution
		SolutionGuid = {CA9FC14C-E546-41DC-BD6C-6DB695BADE64}
	EndGlobalSection
EndGlobal
